
Microsoft Visual Studio Solution File, Format Version 12.00
# Visual Studio 2015
Project("{FAE04EC0-301F-11D3-BF4B-00C04F79EFBC}") = "OGD 2017.CSharp", "OGD 2017.CSharp.csproj", "{3BFB24EB-28D4-C086-7B0A-DF9EFFE9D6C5}"
EndProject
Global
	GlobalSection(SolutionConfigurationPlatforms) = preSolution
		Debug|Any CPU = Debug|Any CPU
		Release|Any CPU = Release|Any CPU
	EndGlobalSection
	GlobalSection(ProjectConfigurationPlatforms) = postSolution
		{3BFB24EB-28D4-C086-7B0A-DF9EFFE9D6C5}.Debug|Any CPU.ActiveCfg = Debug|Any CPU
		{3BFB24EB-28D4-C086-7B0A-DF9EFFE9D6C5}.Debug|Any CPU.Build.0 = Debug|Any CPU
		{3BFB24EB-28D4-C086-7B0A-DF9EFFE9D6C5}.Release|Any CPU.ActiveCfg = Release|Any CPU
		{3BFB24EB-28D4-C086-7B0A-DF9EFFE9D6C5}.Release|Any CPU.Build.0 = Release|Any CPU
	EndGlobalSection
	GlobalSection(SolutionProperties) = preSolution
		HideSolutionNode = FALSE
	EndGlobalSection
EndGlobal
